
Microsoft Visual Studio Solution File, Format Version 12.00
# Visual Studio Version 17
VisualStudioVersion = 17.3.32825.248
MinimumVisualStudioVersion = 10.0.40219.1
Project("{FAE04EC0-301F-11D3-BF4B-00C04F79EFBC}") = "Vldmr", "Vldmr\Vldmr.csproj", "{491D33DE-5EBC-48F3-908D-6F0478F91805}"
EndProject
Global
	GlobalSection(SolutionConfigurationPlatforms) = preSolution
		Debug|Any CPU = Debug|Any CPU
		Release|Any CPU = Release|Any CPU
	EndGlobalSection
	GlobalSection(ProjectConfigurationPlatforms) = postSolution
		{491D33DE-5EBC-48F3-908D-6F0478F91805}.Debug|Any CPU.ActiveCfg = Debug|Any CPU
		{491D33DE-5EBC-48F3-908D-6F0478F91805}.Debug|Any CPU.Build.0 = Debug|Any CPU
		{491D33DE-5EBC-48F3-908D-6F0478F91805}.Release|Any CPU.ActiveCfg = Release|Any CPU
		{491D33DE-5EBC-48F3-908D-6F0478F91805}.Release|Any CPU.Build.0 = Release|Any CPU
	EndGlobalSection
	GlobalSection(SolutionProperties) = preSolution
		HideSolutionNode = FALSE
	EndGlobalSection
	GlobalSection(ExtensibilityGlobals) = postSolution
		SolutionGuid = {EE28F742-B3A0-41C2-B89C-CE53051438A7}
	EndGlobalSection
EndGlobal
